header:
    version: 14
overrides:
    repos:
        meta-openembedded:
            commit: dd3d2293ffdf2559f8a433f241765a8ab50cd085
        meta-raspberrypi:
            commit: d7544f35756d87834e8b4bf3e3e733c771d380ae
        meta-rauc:
            commit: b27b59e2f9a3a7446f740b10560462076ef07009
        meta-rauc-community:
            commit: c3f3ab4c587f51a74a76546ce2813c8be7c6d128
        meta-rust:
            commit: a5136be2ba408af1cc8afcde1c8e3d787dadd934
        meta-tedge:
            commit: 6398dfd354dd997e8598e6dc2e0fa6c58668dbfd
        poky:
            commit: 47ffa50db25a5ceeb73a3a0600dd9e68274d184f
