header:
    version: 14
overrides:
    repos:
        meta-mender:
            commit: 9efa9409684e303472ed9dae749ab663909eb689
        meta-openembedded:
            commit: dd3d2293ffdf2559f8a433f241765a8ab50cd085
        meta-rust:
            commit: a5136be2ba408af1cc8afcde1c8e3d787dadd934
        meta-tedge:
            commit: 779b6ffe0629aea111aeb2d7c1b40f40f370d5cd
        poky:
            commit: 47ffa50db25a5ceeb73a3a0600dd9e68274d184f
